
Microsoft Visual Studio Solution File, Format Version 12.00
# Visual Studio Version 17
VisualStudioVersion = 17.9.34728.123
MinimumVisualStudioVersion = 10.0.40219.1
Project("{9A19103F-16F7-4668-BE54-9A1E7A4F7556}") = "blogging-Platform", "UdemyProject\blogging-Platform.csproj", "{2BF310D4-905D-4419-A65B-D838E044522E}"
EndProject
Global
	GlobalSection(SolutionConfigurationPlatforms) = preSolution
		Debug|Any CPU = Debug|Any CPU
		Release|Any CPU = Release|Any CPU
	EndGlobalSection
	GlobalSection(ProjectConfigurationPlatforms) = postSolution
		{2BF310D4-905D-4419-A65B-D838E044522E}.Debug|Any CPU.ActiveCfg = Debug|Any CPU
		{2BF310D4-905D-4419-A65B-D838E044522E}.Debug|Any CPU.Build.0 = Debug|Any CPU
		{2BF310D4-905D-4419-A65B-D838E044522E}.Release|Any CPU.ActiveCfg = Release|Any CPU
		{2BF310D4-905D-4419-A65B-D838E044522E}.Release|Any CPU.Build.0 = Release|Any CPU
	EndGlobalSection
	GlobalSection(SolutionProperties) = preSolution
		HideSolutionNode = FALSE
	EndGlobalSection
	GlobalSection(ExtensibilityGlobals) = postSolution
		SolutionGuid = {2FC43CC1-631A-42E2-B1F6-4F55A7209289}
	EndGlobalSection
EndGlobal
